
Microsoft Visual Studio Solution File, Format Version 12.00
# Visual Studio Version 17
VisualStudioVersion = 17.5.002.0
MinimumVisualStudioVersion = 10.0.40219.1
Project("{9A19103F-16F7-4668-BE54-9A1E7A4F7556}") = "Play.Inventory.Service", "Play.Inventory.Service\Play.Inventory.Service.csproj", "{4C38A0C5-C3C9-4555-A45B-EFDBC8A6EA98}"
EndProject
Global
	GlobalSection(SolutionConfigurationPlatforms) = preSolution
		Debug|Any CPU = Debug|Any CPU
		Release|Any CPU = Release|Any CPU
	EndGlobalSection
	GlobalSection(ProjectConfigurationPlatforms) = postSolution
		{4C38A0C5-C3C9-4555-A45B-EFDBC8A6EA98}.Debug|Any CPU.ActiveCfg = Debug|Any CPU
		{4C38A0C5-C3C9-4555-A45B-EFDBC8A6EA98}.Debug|Any CPU.Build.0 = Debug|Any CPU
		{4C38A0C5-C3C9-4555-A45B-EFDBC8A6EA98}.Release|Any CPU.ActiveCfg = Release|Any CPU
		{4C38A0C5-C3C9-4555-A45B-EFDBC8A6EA98}.Release|Any CPU.Build.0 = Release|Any CPU
	EndGlobalSection
	GlobalSection(SolutionProperties) = preSolution
		HideSolutionNode = FALSE
	EndGlobalSection
	GlobalSection(ExtensibilityGlobals) = postSolution
		SolutionGuid = {5098D9B3-88A3-4D85-9EFF-5AECE5589D01}
	EndGlobalSection
EndGlobal
